
Microsoft Visual Studio Solution File, Format Version 12.00
# Visual Studio 2012
Project("{FAE04EC0-301F-11D3-BF4B-00C04F79EFBC}") = "MyWindowsMediaPlayer", "MyWindowsMediaPlayer\MyWindowsMediaPlayer.csproj", "{91F65A65-BB8B-4DE5-8971-F3316F78C35A}"
EndProject
Global
	GlobalSection(SolutionConfigurationPlatforms) = preSolution
		Debug|Any CPU = Debug|Any CPU
		Release|Any CPU = Release|Any CPU
	EndGlobalSection
	GlobalSection(ProjectConfigurationPlatforms) = postSolution
		{91F65A65-BB8B-4DE5-8971-F3316F78C35A}.Debug|Any CPU.ActiveCfg = Debug|Any CPU
		{91F65A65-BB8B-4DE5-8971-F3316F78C35A}.Debug|Any CPU.Build.0 = Debug|Any CPU
		{91F65A65-BB8B-4DE5-8971-F3316F78C35A}.Release|Any CPU.ActiveCfg = Release|Any CPU
		{91F65A65-BB8B-4DE5-8971-F3316F78C35A}.Release|Any CPU.Build.0 = Release|Any CPU
	EndGlobalSection
	GlobalSection(SolutionProperties) = preSolution
		HideSolutionNode = FALSE
	EndGlobalSection
EndGlobal
